
Microsoft Visual Studio Solution File, Format Version 12.00
# Visual Studio 15
Project("{FAE04EC0-301F-11D3-BF4B-00C04F79EFBC}") = "Super Mario Run", "Super Mario Run.csproj", "{B4CBD6F4-FF1A-E4F1-A03D-CE40596F461E}"
EndProject
Global
	GlobalSection(SolutionConfigurationPlatforms) = preSolution
		Debug|Any CPU = Debug|Any CPU
		Release|Any CPU = Release|Any CPU
	EndGlobalSection
	GlobalSection(ProjectConfigurationPlatforms) = postSolution
		{B4CBD6F4-FF1A-E4F1-A03D-CE40596F461E}.Debug|Any CPU.ActiveCfg = Debug|Any CPU
		{B4CBD6F4-FF1A-E4F1-A03D-CE40596F461E}.Debug|Any CPU.Build.0 = Debug|Any CPU
		{B4CBD6F4-FF1A-E4F1-A03D-CE40596F461E}.Release|Any CPU.ActiveCfg = Release|Any CPU
		{B4CBD6F4-FF1A-E4F1-A03D-CE40596F461E}.Release|Any CPU.Build.0 = Release|Any CPU
	EndGlobalSection
	GlobalSection(SolutionProperties) = preSolution
		HideSolutionNode = FALSE
	EndGlobalSection
EndGlobal
